PODS:
  - Base64 (1.1.2)
  - boost-for-react-native (1.63.0)
  - BoringSSL-GRPC (0.0.2):
    - BoringSSL-GRPC/Implementation (= 0.0.2)
    - BoringSSL-GRPC/Interface (= 0.0.2)
  - BoringSSL-GRPC/Implementation (0.0.2):
    - BoringSSL-GRPC/Interface (= 0.0.2)
  - BoringSSL-GRPC/Interface (0.0.2)
  - CodePush (5.6.0):
    - Base64 (~> 1.1)
    - JWT (~> 3.0.0-beta.7)
    - React
    - SSZipArchive (~> 2.1)
  - DoubleConversion (1.1.6)
  - Firebase/Auth (5.20.1):
    - Firebase/CoreOnly
    - FirebaseAuth (= 5.4.2)
  - Firebase/Core (5.20.1):
    - Firebase/CoreOnly
    - FirebaseAnalytics (= 5.8.0)
  - Firebase/CoreOnly (5.20.1):
    - FirebaseCore (= 5.4.1)
  - Firebase/Firestore (5.20.1):
    - Firebase/CoreOnly
    - FirebaseFirestore (= 1.2.1)
  - Firebase/Functions (5.20.1):
    - Firebase/CoreOnly
    - FirebaseFunctions (= 2.4.0)
  - Firebase/Messaging (5.20.1):
    - Firebase/CoreOnly
    - FirebaseMessaging (= 3.5.0)
  - FirebaseAnalytics (5.8.0):
    - FirebaseCore (~> 5.4)
    - FirebaseInstanceID (~> 3.8)
    - GoogleAppMeasurement (= 5.8.0)
    - GoogleUtilities/AppDelegateSwizzler (~> 5.2)
    - GoogleUtilities/MethodSwizzler (~> 5.2)
    - GoogleUtilities/Network (~> 5.2)
    - "GoogleUtilities/NSData+zlib (~> 5.2)"
    - nanopb (~> 0.3)
  - FirebaseAnalyticsInterop (1.2.0)
  - FirebaseAuth (5.4.2):
    - FirebaseAuthInterop (~> 1.0)
    - FirebaseCore (~> 5.2)
    - GoogleUtilities/Environment (~> 5.2)
    - GTMSessionFetcher/Core (~> 1.1)
  - FirebaseAuthInterop (1.0.0)
  - FirebaseCore (5.4.1):
    - GoogleUtilities/Environment (~> 5.2)
    - GoogleUtilities/Logger (~> 5.2)
  - FirebaseFirestore (1.2.1):
    - FirebaseAuthInterop (~> 1.0)
    - FirebaseCore (~> 5.2)
    - FirebaseFirestore/abseil-cpp (= 1.2.1)
    - "gRPC-C++ (= 0.0.6)"
    - leveldb-library (~> 1.20)
    - nanopb (~> 0.3.901)
    - Protobuf (~> 3.1)
  - FirebaseFirestore/abseil-cpp (1.2.1):
    - FirebaseAuthInterop (~> 1.0)
    - FirebaseCore (~> 5.2)
    - "gRPC-C++ (= 0.0.6)"
    - leveldb-library (~> 1.20)
    - nanopb (~> 0.3.901)
    - Protobuf (~> 3.1)
  - FirebaseFunctions (2.4.0):
    - FirebaseAuthInterop (~> 1.0)
    - FirebaseCore (~> 5.2)
    - GTMSessionFetcher/Core (~> 1.1)
  - FirebaseInstanceID (3.8.1):
    - FirebaseCore (~> 5.2)
    - GoogleUtilities/Environment (~> 5.2)
    - GoogleUtilities/UserDefaults (~> 5.2)
  - FirebaseMessaging (3.5.0):
    - FirebaseAnalyticsInterop (~> 1.1)
    - FirebaseCore (~> 5.2)
    - FirebaseInstanceID (~> 3.6)
    - GoogleUtilities/Environment (~> 5.3)
    - GoogleUtilities/Reachability (~> 5.3)
    - GoogleUtilities/UserDefaults (~> 5.3)
    - Protobuf (~> 3.1)
  - Folly (2018.10.22.00):
    - boost-for-react-native
    - DoubleConversion
    - glog
  - glog (0.3.5)
  - GoogleAppMeasurement (5.8.0):
    - GoogleUtilities/AppDelegateSwizzler (~> 5.2)
    - GoogleUtilities/MethodSwizzler (~> 5.2)
    - GoogleUtilities/Network (~> 5.2)
    - "GoogleUtilities/NSData+zlib (~> 5.2)"
    - nanopb (~> 0.3)
  - GoogleUtilities/AppDelegateSwizzler (5.5.0):
    - GoogleUtilities/Environment
    - GoogleUtilities/Logger
    - GoogleUtilities/Network
  - GoogleUtilities/Environment (5.5.0)
  - GoogleUtilities/Logger (5.5.0):
    - GoogleUtilities/Environment
  - GoogleUtilities/MethodSwizzler (5.5.0):
    - GoogleUtilities/Logger
  - GoogleUtilities/Network (5.5.0):
    - GoogleUtilities/Logger
    - "GoogleUtilities/NSData+zlib"
    - GoogleUtilities/Reachability
  - "GoogleUtilities/NSData+zlib (5.5.0)"
  - GoogleUtilities/Reachability (5.5.0):
    - GoogleUtilities/Logger
  - GoogleUtilities/UserDefaults (5.5.0):
    - GoogleUtilities/Logger
  - "gRPC-C++ (0.0.6)":
    - "gRPC-C++/Implementation (= 0.0.6)"
    - "gRPC-C++/Interface (= 0.0.6)"
  - "gRPC-C++/Implementation (0.0.6)":
    - "gRPC-C++/Interface (= 0.0.6)"
    - gRPC-Core (= 1.17.0)
    - nanopb (~> 0.3)
  - "gRPC-C++/Interface (0.0.6)"
  - gRPC-Core (1.17.0):
    - gRPC-Core/Implementation (= 1.17.0)
    - gRPC-Core/Interface (= 1.17.0)
  - gRPC-Core/Implementation (1.17.0):
    - BoringSSL-GRPC (= 0.0.2)
    - gRPC-Core/Interface (= 1.17.0)
    - nanopb (~> 0.3)
  - gRPC-Core/Interface (1.17.0)
  - GTMSessionFetcher/Core (1.2.1)
  - JWT (3.0.0-beta.11):
    - Base64 (~> 1.1.2)
  - leveldb-library (1.20)
  - nanopb (0.3.901):
    - nanopb/decode (= 0.3.901)
    - nanopb/encode (= 0.3.901)
  - nanopb/decode (0.3.901)
  - nanopb/encode (0.3.901)
  - Protobuf (3.7.0)
  - React (0.59.2):
    - React/Core (= 0.59.2)
  - React/Core (0.59.2):
    - yoga (= 0.59.2.React)
  - RNGestureHandler (1.1.0):
    - React
  - RNInAppBrowser (2.0.0):
    - React
  - Sentry (4.1.3):
    - Sentry/Core (= 4.1.3)
  - Sentry/Core (4.1.3)
  - SentryReactNative (0.42.0):
    - React
    - Sentry (~> 4.1.3)
  - SSZipArchive (2.1.4)
  - yoga (0.59.2.React)

DEPENDENCIES:
  - CodePush (from `../node_modules/react-native-code-push`)
  - DoubleConversion (from `../node_modules/react-native/third-party-podspecs/DoubleConversion.podspec`)
  - Firebase/Auth
  - Firebase/Core
  - Firebase/Firestore
  - Firebase/Functions
  - Firebase/Messaging
  - Folly (from `../node_modules/react-native/third-party-podspecs/Folly.podspec`)
  - glog (from `../node_modules/react-native/third-party-podspecs/glog.podspec`)
  - React (from `../node_modules/react-native`)
  - RNGestureHandler (from `../node_modules/react-native-gesture-handler`)
  - RNInAppBrowser (from `../node_modules/react-native-inappbrowser-reborn`)
  - SentryReactNative (from `../node_modules/react-native-sentry`)
  - yoga (from `../node_modules/react-native/ReactCommon/yoga`)

SPEC REPOS:
  https://github.com/cocoapods/specs.git:
    - Base64
    - boost-for-react-native
    - BoringSSL-GRPC
    - Firebase
    - FirebaseAnalytics
    - FirebaseAnalyticsInterop
    - FirebaseAuth
    - FirebaseAuthInterop
    - FirebaseCore
    - FirebaseFirestore
    - FirebaseFunctions
    - FirebaseInstanceID
    - FirebaseMessaging
    - GoogleAppMeasurement
    - GoogleUtilities
    - "gRPC-C++"
    - gRPC-Core
    - GTMSessionFetcher
    - JWT
    - leveldb-library
    - nanopb
    - Protobuf
    - Sentry
    - SSZipArchive

EXTERNAL SOURCES:
  CodePush:
    :path: "../node_modules/react-native-code-push"
  DoubleConversion:
    :podspec: "../node_modules/react-native/third-party-podspecs/DoubleConversion.podspec"
  Folly:
    :podspec: "../node_modules/react-native/third-party-podspecs/Folly.podspec"
  glog:
    :podspec: "../node_modules/react-native/third-party-podspecs/glog.podspec"
  React:
    :path: "../node_modules/react-native"
  RNGestureHandler:
    :path: "../node_modules/react-native-gesture-handler"
  RNInAppBrowser:
    :path: "../node_modules/react-native-inappbrowser-reborn"
  SentryReactNative:
    :path: "../node_modules/react-native-sentry"
  yoga:
    :path: "../node_modules/react-native/ReactCommon/yoga"

SPEC CHECKSUMS:
  Base64: cecfb41a004124895a7bcee567a89bae5a89d49b
  boost-for-react-native: 39c7adb57c4e60d6c5479dd8623128eb5b3f0f2c
  BoringSSL-GRPC: 2a230d9cd93e7ce39916044f645cebb31f37dde6
  CodePush: 300e90b3481fa82569090406165b83745de3613a
  DoubleConversion: bb338842f62ab1d708ceb63ec3d999f0f3d98ecd
  Firebase: 2f5235e62f141cb86181c3af0dfe4509706351ac
  FirebaseAnalytics: fd72a26bf8dac84cefba2f0864366f718555a5b0
  FirebaseAnalyticsInterop: efbe45c8385ec626e29f9525e5ebd38520dfb6c1
  FirebaseAuth: dd7bbf03a5aee0eafb3a1aee4d2812bd74bac890
  FirebaseAuthInterop: 0ffa57668be100582bb7643d4fcb7615496c41fc
  FirebaseCore: f1a9a8be1aee4bf71a2fc0f4096df6788bdfda61
  FirebaseFirestore: faca891c0f0d1d6c10c793473e2f6a29d75014b5
  FirebaseFunctions: 35b530c69ef8c322c414104280d36a06347a5d49
  FirebaseInstanceID: a122b0c258720cf250551bb2bedf48c699f80d90
  FirebaseMessaging: 4235f949ce1c4e827aeb19705ba5c53f9b85aa10
  Folly: de497beb10f102453a1afa9edbf8cf8a251890de
  glog: aefd1eb5dda2ab95ba0938556f34b98e2da3a60d
  GoogleAppMeasurement: 1624046ab1bcc5e170061a56ef5679000b079c8e
  GoogleUtilities: 6481e6318c5fcabaaa8513ef8120f329055d7c10
  "gRPC-C++": e76441995900ac90e9bd98644ab4733f12521edf
  gRPC-Core: 4028031ed2c5267cca0d846c876d8046b1ecb9b6
  GTMSessionFetcher: 32aeca0aa144acea523e1c8e053089dec2cb98ca
  JWT: 05028b9624591bba9681bb57df2c5f95fa258bad
  leveldb-library: 08cba283675b7ed2d99629a4bc5fd052cd2bb6a5
  nanopb: 2901f78ea1b7b4015c860c2fdd1ea2fee1a18d48
  Protobuf: 7a877b7f3e5964e3fce995e2eb323dbc6831bb5a
  React: 9d063e2f356c8cd2f54dd550d4507740037cbabe
  RNGestureHandler: b65d391f4f570178d657b99a16ec99d09b8656b0
  RNInAppBrowser: cc7d01b14ff10a23a9a5e9a6077416d447bbbf93
  Sentry: 4e8a17b61ddd116f89536cc81d567fdee1ebca96
  SentryReactNative: 09d5cc89e8bb5d80cfaf3ae11ed2ecb0a47317d2
  SSZipArchive: 41455d4b8d2b6ab93990820b50dc697c2554a322
  yoga: 3768a3026ade0fb46a68f3a31a917cf86bc34fc4

PODFILE CHECKSUM: 1b42b7a8c4fb59efbe0a49cb78521cd5fd09026b

COCOAPODS: 1.6.1
